
Microsoft Visual Studio Solution File, Format Version 12.00
# Visual Studio Version 16
VisualStudioVersion = 16.0.31321.278
MinimumVisualStudioVersion = 10.0.40219.1
Project("{FAE04EC0-301F-11D3-BF4B-00C04F79EFBC}") = "ConsoleApp15", "ConsoleApp15\ConsoleApp15.csproj", "{F37E2304-3D4C-4B52-A118-914A7EA1B153}"
EndProject
Global
	GlobalSection(SolutionConfigurationPlatforms) = preSolution
		Debug|Any CPU = Debug|Any CPU
		Release|Any CPU = Release|Any CPU
	EndGlobalSection
	GlobalSection(ProjectConfigurationPlatforms) = postSolution
		{F37E2304-3D4C-4B52-A118-914A7EA1B153}.Debug|Any CPU.ActiveCfg = Debug|Any CPU
		{F37E2304-3D4C-4B52-A118-914A7EA1B153}.Debug|Any CPU.Build.0 = Debug|Any CPU
		{F37E2304-3D4C-4B52-A118-914A7EA1B153}.Release|Any CPU.ActiveCfg = Release|Any CPU
		{F37E2304-3D4C-4B52-A118-914A7EA1B153}.Release|Any CPU.Build.0 = Release|Any CPU
	EndGlobalSection
	GlobalSection(SolutionProperties) = preSolution
		HideSolutionNode = FALSE
	EndGlobalSection
	GlobalSection(ExtensibilityGlobals) = postSolution
		SolutionGuid = {76250255-F8D9-4356-8159-5239639D76FD}
	EndGlobalSection
EndGlobal
